{
  "lockfile_version": "1",
  "packages": {
    "colima@latest": {
      "last_modified": "2024-05-29T10:04:41Z",
      "resolved": "github:NixOS/nixpkgs/ac82a513e55582291805d6f09d35b6d8b60637a1#colima",
      "source": "devbox-search",
      "version": "0.6.9",
      "systems": {
        "aarch64-darwin": {
          "outputs": [
            {
              "name": "out",
              "path": "/nix/store/y4ippqqkqr8ajj6svd9am0nvqxcxyqpa-colima-0.6.9",
              "default": true
            }
          ],
          "store_path": "/nix/store/y4ippqqkqr8ajj6svd9am0nvqxcxyqpa-colima-0.6.9"
        },
        "aarch64-linux": {
          "outputs": [
            {
              "name": "out",
              "path": "/nix/store/nbbfnidysbvxwx501s219a5lwpxggrr7-colima-0.6.9",
              "default": true
            }
          ],
          "store_path": "/nix/store/nbbfnidysbvxwx501s219a5lwpxggrr7-colima-0.6.9"
        },
        "x86_64-darwin": {
          "outputs": [
            {
              "name": "out",
              "path": "/nix/store/5ri749ngr6sclwffcswnigz9j69rh21i-colima-0.6.9",
              "default": true
            }
          ],
          "store_path": "/nix/store/5ri749ngr6sclwffcswnigz9j69rh21i-colima-0.6.9"
        },
        "x86_64-linux": {
          "outputs": [
            {
              "name": "out",
              "path": "/nix/store/p4z5kjymazdf8nh23vr6pgridiwnmbpn-colima-0.6.9",
              "default": true
            }
          ],
          "store_path": "/nix/store/p4z5kjymazdf8nh23vr6pgridiwnmbpn-colima-0.6.9"
        }
      }
    },
    "docker-compose@latest": {
      "last_modified": "2024-05-22T06:18:38Z",
      "resolved": "github:NixOS/nixpkgs/3f316d2a50699a78afe5e77ca486ad553169061e#docker-compose",
      "source": "devbox-search",
      "version": "2.27.0",
      "systems": {
        "aarch64-darwin": {
          "outputs": [
            {
              "name": "out",
              "path": "/nix/store/pgqxb2dgahlwx9pqdmqav9znv8f6zwms-docker-compose-2.27.0",
              "default": true
            }
          ],
          "store_path": "/nix/store/pgqxb2dgahlwx9pqdmqav9znv8f6zwms-docker-compose-2.27.0"
        },
        "aarch64-linux": {
          "outputs": [
            {
              "name": "out",
              "path": "/nix/store/79arf5qrapdrvqavd1hafr1mbskz2bjp-docker-compose-2.27.0",
              "default": true
            }
          ],
          "store_path": "/nix/store/79arf5qrapdrvqavd1hafr1mbskz2bjp-docker-compose-2.27.0"
        },
        "x86_64-darwin": {
          "outputs": [
            {
              "name": "out",
              "path": "/nix/store/lnbvsc4zn0q818xgpg2mq45hyvzlk77n-docker-compose-2.27.0",
              "default": true
            }
          ],
          "store_path": "/nix/store/lnbvsc4zn0q818xgpg2mq45hyvzlk77n-docker-compose-2.27.0"
        },
        "x86_64-linux": {
          "outputs": [
            {
              "name": "out",
              "path": "/nix/store/9sdw2ng378133mr3ld04b0rac1hwkpm8-docker-compose-2.27.0",
              "default": true
            }
          ],
          "store_path": "/nix/store/9sdw2ng378133mr3ld04b0rac1hwkpm8-docker-compose-2.27.0"
        }
      }
    },
    "docker@latest": {
      "last_modified": "2024-05-22T06:18:38Z",
      "resolved": "github:NixOS/nixpkgs/3f316d2a50699a78afe5e77ca486ad553169061e#docker",
      "source": "devbox-search",
      "version": "24.0.9",
      "systems": {
        "aarch64-darwin": {
          "outputs": [
            {
              "name": "out",
              "path": "/nix/store/xpg0zv3r2pjz895cx95av82rd8453wqi-docker-24.0.9",
              "default": true
            }
          ],
          "store_path": "/nix/store/xpg0zv3r2pjz895cx95av82rd8453wqi-docker-24.0.9"
        },
        "aarch64-linux": {
          "outputs": [
            {
              "name": "out",
              "path": "/nix/store/sqj9fri6jclyv43hghgq1b0jl92rwnxw-docker-24.0.9",
              "default": true
            }
          ],
          "store_path": "/nix/store/sqj9fri6jclyv43hghgq1b0jl92rwnxw-docker-24.0.9"
        },
        "x86_64-darwin": {
          "outputs": [
            {
              "name": "out",
              "path": "/nix/store/q2jyz2n42gpbk48vhbbc7q16wwzxprn2-docker-24.0.9",
              "default": true
            }
          ],
          "store_path": "/nix/store/q2jyz2n42gpbk48vhbbc7q16wwzxprn2-docker-24.0.9"
        },
        "x86_64-linux": {
          "outputs": [
            {
              "name": "out",
              "path": "/nix/store/6ahh5vkyrjjk9k32lhxi809z8fv82qgb-docker-24.0.9",
              "default": true
            }
          ],
          "store_path": "/nix/store/6ahh5vkyrjjk9k32lhxi809z8fv82qgb-docker-24.0.9"
        }
      }
    },
    "git@latest": {
      "last_modified": "2024-05-22T06:18:38Z",
      "resolved": "github:NixOS/nixpkgs/3f316d2a50699a78afe5e77ca486ad553169061e#git",
      "source": "devbox-search",
      "version": "2.44.1",
      "systems": {
        "aarch64-darwin": {
          "outputs": [
            {
              "name": "out",
              "path": "/nix/store/1y3m89x5sl3bwag9lk4fdbqmswzjp9is-git-2.44.1",
              "default": true
            },
            {
              "name": "doc",
              "path": "/nix/store/hhwbgxadc1r7f2vf0f7mf4mlcy3xsxh9-git-2.44.1-doc"
            }
          ],
          "store_path": "/nix/store/1y3m89x5sl3bwag9lk4fdbqmswzjp9is-git-2.44.1"
        },
        "aarch64-linux": {
          "outputs": [
            {
              "name": "out",
              "path": "/nix/store/y6si9acv2p32jjyavs5arj8lwk7qq945-git-2.44.1",
              "default": true
            },
            {
              "name": "debug",
              "path": "/nix/store/vjgwf4vr6dqclvb503fqir13yiqp7bf6-git-2.44.1-debug"
            },
            {
              "name": "doc",
              "path": "/nix/store/1c5816l3n7dgbjkbf6fdlw0amq5rvazq-git-2.44.1-doc"
            }
          ],
          "store_path": "/nix/store/y6si9acv2p32jjyavs5arj8lwk7qq945-git-2.44.1"
        },
        "x86_64-darwin": {
          "outputs": [
            {
              "name": "out",
              "path": "/nix/store/rwkir7nma4hgyg8lydzjisbjgwr9a4xf-git-2.44.1",
              "default": true
            },
            {
              "name": "doc",
              "path": "/nix/store/y4l5l7k5syy0s3baznixgxbnmn8aiyxq-git-2.44.1-doc"
            }
          ],
          "store_path": "/nix/store/rwkir7nma4hgyg8lydzjisbjgwr9a4xf-git-2.44.1"
        },
        "x86_64-linux": {
          "outputs": [
            {
              "name": "out",
              "path": "/nix/store/jxjzgz1p0hdqsg8k17ivw5mgcd6ffx9c-git-2.44.1",
              "default": true
            },
            {
              "name": "debug",
              "path": "/nix/store/93xf345jmvrcz1wc3va981rp13rn4hyz-git-2.44.1-debug"
            },
            {
              "name": "doc",
              "path": "/nix/store/rvgnmd4cwvmy3v77ig977ix40d2mipri-git-2.44.1-doc"
            }
          ],
          "store_path": "/nix/store/jxjzgz1p0hdqsg8k17ivw5mgcd6ffx9c-git-2.44.1"
        }
      }
    },
    "go@1.21.3": {
      "last_modified": "2023-10-25T20:49:13Z",
      "resolved": "github:NixOS/nixpkgs/75a52265bda7fd25e06e3a67dee3f0354e73243c#go",
      "source": "devbox-search",
      "version": "1.21.3",
      "systems": {
        "aarch64-darwin": {
          "outputs": [
            {
              "name": "out",
              "path": "/nix/store/1fxz1flmv4a4m5pvjmmzxlaznjzybjcp-go-1.21.3",
              "default": true
            }
          ],
          "store_path": "/nix/store/1fxz1flmv4a4m5pvjmmzxlaznjzybjcp-go-1.21.3"
        },
        "aarch64-linux": {
          "outputs": [
            {
              "name": "out",
              "path": "/nix/store/iyaywzzkhm1pi5ysd83ai9pdpic9b9ny-go-1.21.3",
              "default": true
            }
          ],
          "store_path": "/nix/store/iyaywzzkhm1pi5ysd83ai9pdpic9b9ny-go-1.21.3"
        },
        "x86_64-darwin": {
          "outputs": [
            {
              "name": "out",
              "path": "/nix/store/yqqhrzr15819draxsyqrn2hf5c22ffhk-go-1.21.3",
              "default": true
            }
          ],
          "store_path": "/nix/store/yqqhrzr15819draxsyqrn2hf5c22ffhk-go-1.21.3"
        },
        "x86_64-linux": {
          "outputs": [
            {
              "name": "out",
              "path": "/nix/store/dwmb0qcai52d0zkgpm6f5ifx2a8yvsdg-go-1.21.3",
              "default": true
            }
          ],
          "store_path": "/nix/store/dwmb0qcai52d0zkgpm6f5ifx2a8yvsdg-go-1.21.3"
        }
      }
    },
    "qemu@latest": {
      "last_modified": "2024-05-23T08:10:22Z",
      "resolved": "github:NixOS/nixpkgs/3305b2b25e4ae4baee872346eae133cf6f611783#qemu",
      "source": "devbox-search",
      "version": "8.2.4",
      "systems": {
        "aarch64-darwin": {
          "outputs": [
            {
              "name": "out",
              "path": "/nix/store/nxb1q7j29jkw91kb3l79mx484mk67aq1-qemu-8.2.4",
              "default": true
            }
          ],
          "store_path": "/nix/store/nxb1q7j29jkw91kb3l79mx484mk67aq1-qemu-8.2.4"
        },
        "aarch64-linux": {
          "outputs": [
            {
              "name": "out",
              "path": "/nix/store/fll2y6hyvh9dnxw8vvydwgjf1n78pvrm-qemu-8.2.4",
              "default": true
            },
            {
              "name": "ga",
              "path": "/nix/store/k4w39x9sgsl4hb0713q8z6qz2agy8mqx-qemu-8.2.4-ga"
            }
          ],
          "store_path": "/nix/store/fll2y6hyvh9dnxw8vvydwgjf1n78pvrm-qemu-8.2.4"
        },
        "x86_64-darwin": {
          "outputs": [
            {
              "name": "out",
              "path": "/nix/store/w28pkd6kjxgcwqj6qm2d1d8jki49f7zm-qemu-8.2.4",
              "default": true
            }
          ],
          "store_path": "/nix/store/w28pkd6kjxgcwqj6qm2d1d8jki49f7zm-qemu-8.2.4"
        },
        "x86_64-linux": {
          "outputs": [
            {
              "name": "out",
              "path": "/nix/store/ck1jf678yi3x1n4idmr4q1c0bdj2s5x5-qemu-8.2.4",
              "default": true
            },
            {
              "name": "debug",
              "path": "/nix/store/a0n21sa5awbb90ag5n0iy75kilfp8xmj-qemu-8.2.4-debug"
            },
            {
              "name": "ga",
              "path": "/nix/store/qvdbwf2jad7bcgf2j42yinyhrpbs5467-qemu-8.2.4-ga"
            }
          ],
          "store_path": "/nix/store/ck1jf678yi3x1n4idmr4q1c0bdj2s5x5-qemu-8.2.4"
        }
      }
    },
    "vim@latest": {
      "last_modified": "2024-05-22T06:18:38Z",
      "resolved": "github:NixOS/nixpkgs/3f316d2a50699a78afe5e77ca486ad553169061e#vim",
      "source": "devbox-search",
      "version": "9.1.0377",
      "systems": {
        "aarch64-darwin": {
          "outputs": [
            {
              "name": "out",
              "path": "/nix/store/lmx8m6kzyvipfb0s0jfpmwvrfaakvr16-vim-9.1.0377",
              "default": true
            },
            {
              "name": "xxd",
              "path": "/nix/store/plkqnw8bx49w9kapywwcqlvid3f24lpy-vim-9.1.0377-xxd",
              "default": true
            }
          ],
          "store_path": "/nix/store/lmx8m6kzyvipfb0s0jfpmwvrfaakvr16-vim-9.1.0377"
        },
        "aarch64-linux": {
          "outputs": [
            {
              "name": "out",
              "path": "/nix/store/dgi2x0gadhr1h2vzfhab3kj5jbr74g6x-vim-9.1.0377",
              "default": true
            },
            {
              "name": "xxd",
              "path": "/nix/store/zk521mqyrx0i3nxiwmhpdsz93ia8rb6s-vim-9.1.0377-xxd",
              "default": true
            }
          ],
          "store_path": "/nix/store/dgi2x0gadhr1h2vzfhab3kj5jbr74g6x-vim-9.1.0377"
        },
        "x86_64-darwin": {
          "outputs": [
            {
              "name": "out",
              "path": "/nix/store/l3j2ypqx0mq6kk2s3pgxiybmkawpc7ii-vim-9.1.0377",
              "default": true
            },
            {
              "name": "xxd",
              "path": "/nix/store/qgd4kpvdj8cx8cqfwh09hysh1yrvmfvj-vim-9.1.0377-xxd",
              "default": true
            }
          ],
          "store_path": "/nix/store/l3j2ypqx0mq6kk2s3pgxiybmkawpc7ii-vim-9.1.0377"
        },
        "x86_64-linux": {
          "outputs": [
            {
              "name": "out",
              "path": "/nix/store/2126qjwg5cx9aw47bj9b427hazh96sh7-vim-9.1.0377",
              "default": true
            },
            {
              "name": "xxd",
              "path": "/nix/store/3g9nvidfl7phh7zh03ixymy5nfscianb-vim-9.1.0377-xxd",
              "default": true
            }
          ],
          "store_path": "/nix/store/2126qjwg5cx9aw47bj9b427hazh96sh7-vim-9.1.0377"
        }
      }
    },
    "vscode@latest": {
      "last_modified": "2024-05-22T06:18:38Z",
      "resolved": "github:NixOS/nixpkgs/3f316d2a50699a78afe5e77ca486ad553169061e#vscode",
      "source": "devbox-search",
      "version": "1.89.1",
      "systems": {
        "aarch64-darwin": {
          "outputs": [
            {
              "name": "out",
              "path": "/nix/store/8anlgfshpf5048fpkbxxljd22f6ixxwk-vscode-1.89.1",
              "default": true
            }
          ],
          "store_path": "/nix/store/8anlgfshpf5048fpkbxxljd22f6ixxwk-vscode-1.89.1"
        },
        "aarch64-linux": {
          "outputs": [
            {
              "name": "out",
              "path": "/nix/store/1z42syr8y32q6n0y1iqww1ns5f4zwi5b-vscode-1.89.1",
              "default": true
            }
          ],
          "store_path": "/nix/store/1z42syr8y32q6n0y1iqww1ns5f4zwi5b-vscode-1.89.1"
        },
        "x86_64-darwin": {
          "outputs": [
            {
              "name": "out",
              "path": "/nix/store/9h9pc2fmq3p8702agavnxbjmghvaihfw-vscode-1.89.1",
              "default": true
            }
          ],
          "store_path": "/nix/store/9h9pc2fmq3p8702agavnxbjmghvaihfw-vscode-1.89.1"
        },
        "x86_64-linux": {
          "outputs": [
            {
              "name": "out",
              "path": "/nix/store/snglls64alc8xnb2ynmlbaj1n6sy19i7-vscode-1.89.1",
              "default": true
            }
          ],
          "store_path": "/nix/store/snglls64alc8xnb2ynmlbaj1n6sy19i7-vscode-1.89.1"
        }
      }
    }
  }
}
